<?xml version="1.0" encoding="utf-8"?>
<Project ToolsVersion="4.0" xmlns="http://schemas.microsoft.com/developer/msbuild/2003">
  <ItemGroup>
    <Filter Include="enet">
      <UniqueIdentifier>{be808922-2ddf-4835-a57d-42e2f8d6e6d1}</UniqueIdentifier>
    </Filter>
    <Filter Include="enet\source">
      <UniqueIdentifier>{6b639a6d-6609-479e-bf61-3e2d3e4323e6}</UniqueIdentifier>
    </Filter>
    <Filter Include="enet\headers">
      <UniqueIdentifier>{84e51a60-037b-40c6-933a-7001d46906ab}</UniqueIdentifier>
    </Filter>
    <Filter Include="jaudiolib">
      <UniqueIdentifier>{eb6a8145-04f6-4b81-b8eb-508836cfdc91}</UniqueIdentifier>
    </Filter>
    <Filter Include="jaudiolib\headers">
      <UniqueIdentifier>{7f1918c8-1b71-43db-b2af-aefaf13d21ac}</UniqueIdentifier>
    </Filter>
    <Filter Include="jaudiolib\source">
      <UniqueIdentifier>{447f3e7e-c01b-4ec3-8427-36441da24049}</UniqueIdentifier>
    </Filter>
    <Filter Include="build">
      <UniqueIdentifier>{da5afe7a-2de4-4594-b07f-69cd3d29cc1b}</UniqueIdentifier>
    </Filter>
    <Filter Include="build\headers">
      <UniqueIdentifier>{4386b181-dad1-4aaa-9395-b5b57e49bca1}</UniqueIdentifier>
    </Filter>
    <Filter Include="build\headers\MSVC">
      <UniqueIdentifier>{647e88f0-5d39-46cc-9822-460f2db9dfe6}</UniqueIdentifier>
    </Filter>
    <Filter Include="build\source">
      <UniqueIdentifier>{766da152-470f-4b3b-8c8c-8289206d0d4e}</UniqueIdentifier>
    </Filter>
    <Filter Include="eduke32">
      <UniqueIdentifier>{df162924-c116-4c59-a0f3-589ebfb0ca27}</UniqueIdentifier>
    </Filter>
    <Filter Include="eduke32\source">
      <UniqueIdentifier>{dd93df66-1ed9-4b54-bd54-18abf46d2773}</UniqueIdentifier>
    </Filter>
    <Filter Include="eduke32\headers">
      <UniqueIdentifier>{82d4000f-cd8c-4737-88dc-4ada5775a68e}</UniqueIdentifier>
    </Filter>
    <Filter Include="jmact">
      <UniqueIdentifier>{65030203-c837-4739-a552-281c7535372f}</UniqueIdentifier>
    </Filter>
    <Filter Include="jmact\headers">
      <UniqueIdentifier>{607ab16a-c3a5-4dad-b6ba-3393e6309d23}</UniqueIdentifier>
    </Filter>
    <Filter Include="jmact\source">
      <UniqueIdentifier>{8a6aad55-a3bc-4e4f-a61d-4652c29d8b92}</UniqueIdentifier>
    </Filter>
    <Filter Include="eduke32\source\editor">
      <UniqueIdentifier>{e8ea0b0a-e748-4c94-8d84-5062dd5b68a1}</UniqueIdentifier>
    </Filter>
    <Filter Include="eduke32\headers\editor">
      <UniqueIdentifier>{3477e5cd-29a4-42b2-8c3f-ca4618242526}</UniqueIdentifier>
    </Filter>
    <Filter Include="eduke32\source\lunatic">
      <UniqueIdentifier>{a2f8f371-b34a-435c-9f36-efd473c9a6b0}</UniqueIdentifier>
    </Filter>
    <Filter Include="eduke32\source\lunatic\headers">
      <UniqueIdentifier>{a5111ba8-0086-4ec9-baac-a8e5f58faca5}</UniqueIdentifier>
    </Filter>
    <Filter Include="eduke32\source\lunatic\source">
      <UniqueIdentifier>{3fea8854-df48-42c5-9bd9-8adbb29fac76}</UniqueIdentifier>
    </Filter>
    <Filter Include="eduke32\source\lunatic\lua">
      <UniqueIdentifier>{f1025787-c43f-43de-8b46-143ea0462fc1}</UniqueIdentifier>
    </Filter>
    <Filter Include="eduke32\headers\android">
      <UniqueIdentifier>{52ce6149-4982-41a4-9adf-c7a9468421fd}</UniqueIdentifier>
    </Filter>
    <Filter Include="eduke32\source\android">
      <UniqueIdentifier>{d3b67b4f-6b78-43e0-88ab-f081b977499a}</UniqueIdentifier>
    </Filter>
    <Filter Include="touchcontrols">
      <UniqueIdentifier>{e7398716-03fa-4baf-b8dc-a8c734386ae7}</UniqueIdentifier>
    </Filter>
    <Filter Include="touchcontrols\headers">
      <UniqueIdentifier>{503b9776-fb3e-4abe-a47c-11395b7f249a}</UniqueIdentifier>
    </Filter>
    <Filter Include="touchcontrols\source">
      <UniqueIdentifier>{ed032f74-5d34-4314-9579-6a031cf615f1}</UniqueIdentifier>
    </Filter>
  </ItemGroup>
  <ItemGroup>
    <ClInclude Include="build\include\a.h">
      <Filter>build\headers</Filter>
    </ClInclude>
    <ClInclude Include="build\include\baselayer.h">
      <Filter>build\headers</Filter>
    </ClInclude>
    <ClInclude Include="build\include\build.h">
      <Filter>build\headers</Filter>
    </ClInclude>
    <ClInclude Include="build\include\cache1d.h">
      <Filter>build\headers</Filter>
    </ClInclude>
    <ClInclude Include="build\include\compat.h">
      <Filter>build\headers</Filter>
    </ClInclude>
    <ClInclude Include="build\include\crc32.h">
      <Filter>build\headers</Filter>
    </ClInclude>
    <ClInclude Include="build\include\dxdidf.h">
      <Filter>build\headers</Filter>
    </ClInclude>
    <ClInclude Include="build\include\dynamicgtk.h">
      <Filter>build\headers</Filter>
    </ClInclude>
    <ClInclude Include="build\include\editor.h">
      <Filter>build\headers</Filter>
    </ClInclude>
    <ClInclude Include="build\include\glbuild.h">
      <Filter>build\headers</Filter>
    </ClInclude>
    <ClInclude Include="build\include\glext.h">
      <Filter>build\headers</Filter>
    </ClInclude>
    <ClInclude Include="build\include\gtkbits.h">
      <Filter>build\headers</Filter>
    </ClInclude>
    <ClInclude Include="build\include\kplib.h">
      <Filter>build\headers</Filter>
    </ClInclude>
    <ClInclude Include="build\include\lzwnew.h">
      <Filter>build\headers</Filter>
    </ClInclude>
    <ClInclude Include="build\include\mdsprite.h">
      <Filter>build\headers</Filter>
    </ClInclude>
    <ClInclude Include="build\include\mmulti.h">
      <Filter>build\headers</Filter>
    </ClInclude>
    <ClInclude Include="build\include\osd.h">
      <Filter>build\headers</Filter>
    </ClInclude>
    <ClInclude Include="build\include\osxbits.h">
      <Filter>build\headers</Filter>
    </ClInclude>
    <ClInclude Include="build\include\osxmain.h">
      <Filter>build\headers</Filter>
    </ClInclude>
    <ClInclude Include="build\include\polymer.h">
      <Filter>build\headers</Filter>
    </ClInclude>
    <ClInclude Include="build\include\polymost.h">
      <Filter>build\headers</Filter>
    </ClInclude>
    <ClInclude Include="build\include\pragmas.h">
      <Filter>build\headers</Filter>
    </ClInclude>
    <ClInclude Include="build\include\lz4.h">
      <Filter>build\headers</Filter>
    </ClInclude>
    <ClInclude Include="build\include\scriptfile.h">
      <Filter>build\headers</Filter>
    </ClInclude>
    <ClInclude Include="build\include\sdlayer.h">
      <Filter>build\headers</Filter>
    </ClInclude>
    <ClInclude Include="build\include\startwin.editor.h">
      <Filter>build\headers</Filter>
    </ClInclude>
    <ClInclude Include="build\include\winlayer.h">
      <Filter>build\headers</Filter>
    </ClInclude>
    <ClInclude Include="build\include\msvc\inttypes.h">
      <Filter>build\headers\MSVC</Filter>
    </ClInclude>
    <ClInclude Include="build\include\msvc\stdint.h">
      <Filter>build\headers\MSVC</Filter>
    </ClInclude>
    <ClInclude Include="source\_functio.h">
      <Filter>eduke32\headers</Filter>
    </ClInclude>
    <ClInclude Include="source\_rts.h">
      <Filter>eduke32\headers</Filter>
    </ClInclude>
    <ClInclude Include="source\config.h">
      <Filter>eduke32\headers</Filter>
    </ClInclude>
    <ClInclude Include="source\duke3d.h">
      <Filter>eduke32\headers</Filter>
    </ClInclude>
    <ClInclude Include="source\function.h">
      <Filter>eduke32\headers</Filter>
    </ClInclude>
    <ClInclude Include="source\gamedef.h">
      <Filter>eduke32\headers</Filter>
    </ClInclude>
    <ClInclude Include="source\gamedefs.h">
      <Filter>eduke32\headers</Filter>
    </ClInclude>
    <ClInclude Include="source\grpscan.h">
      <Filter>eduke32\headers</Filter>
    </ClInclude>
    <ClInclude Include="source\keys.h">
      <Filter>eduke32\headers</Filter>
    </ClInclude>
    <ClInclude Include="source\macros.h">
      <Filter>eduke32\headers</Filter>
    </ClInclude>
    <ClInclude Include="source\mdump.h">
      <Filter>eduke32\headers</Filter>
    </ClInclude>
    <ClInclude Include="source\names.h">
      <Filter>eduke32\headers</Filter>
    </ClInclude>
    <ClInclude Include="source\namesdyn.h">
      <Filter>eduke32\headers</Filter>
    </ClInclude>
    <ClInclude Include="source\osdcmds.h">
      <Filter>eduke32\headers</Filter>
    </ClInclude>
    <ClInclude Include="source\osdfuncs.h">
      <Filter>eduke32\headers</Filter>
    </ClInclude>
    <ClInclude Include="source\rts.h">
      <Filter>eduke32\headers</Filter>
    </ClInclude>
    <ClInclude Include="source\soundefs.h">
      <Filter>eduke32\headers</Filter>
    </ClInclude>
    <ClInclude Include="source\sounds.h">
      <Filter>eduke32\headers</Filter>
    </ClInclude>
    <ClInclude Include="source\soundsdyn.h">
      <Filter>eduke32\headers</Filter>
    </ClInclude>
    <ClInclude Include="source\startwin.game.h">
      <Filter>eduke32\headers</Filter>
    </ClInclude>
    <ClInclude Include="source\jaudiolib\src\_multivc.h">
      <Filter>jaudiolib\headers</Filter>
    </ClInclude>
    <ClInclude Include="source\jaudiolib\src\driver_directsound.h">
      <Filter>jaudiolib\headers</Filter>
    </ClInclude>
    <ClInclude Include="source\jaudiolib\src\driver_nosound.h">
      <Filter>jaudiolib\headers</Filter>
    </ClInclude>
    <ClInclude Include="source\jaudiolib\src\driver_sdl.h">
      <Filter>jaudiolib\headers</Filter>
    </ClInclude>
    <ClInclude Include="source\jaudiolib\include\fx_man.h">
      <Filter>jaudiolib\headers</Filter>
    </ClInclude>
    <ClInclude Include="source\jaudiolib\src\linklist.h">
      <Filter>jaudiolib\headers</Filter>
    </ClInclude>
    <ClInclude Include="source\jaudiolib\src\multivoc.h">
      <Filter>jaudiolib\headers</Filter>
    </ClInclude>
    <ClInclude Include="source\jaudiolib\include\music.h">
      <Filter>jaudiolib\headers</Filter>
    </ClInclude>
    <ClInclude Include="source\jaudiolib\src\pitch.h">
      <Filter>jaudiolib\headers</Filter>
    </ClInclude>
    <ClInclude Include="source\jmact\_control.h">
      <Filter>jmact\headers</Filter>
    </ClInclude>
    <ClInclude Include="source\jmact\_scrplib.h">
      <Filter>jmact\headers</Filter>
    </ClInclude>
    <ClInclude Include="source\jmact\animlib.h">
      <Filter>jmact\headers</Filter>
    </ClInclude>
    <ClInclude Include="source\jmact\control.h">
      <Filter>jmact\headers</Filter>
    </ClInclude>
    <ClInclude Include="source\jmact\file_lib.h">
      <Filter>jmact\headers</Filter>
    </ClInclude>
    <ClInclude Include="source\jmact\keyboard.h">
      <Filter>jmact\headers</Filter>
    </ClInclude>
    <ClInclude Include="source\jmact\mouse.h">
      <Filter>jmact\headers</Filter>
    </ClInclude>
    <ClInclude Include="source\jmact\scriplib.h">
      <Filter>jmact\headers</Filter>
    </ClInclude>
    <ClInclude Include="source\enet\include\enet\callbacks.h">
      <Filter>enet\headers</Filter>
    </ClInclude>
    <ClInclude Include="source\enet\include\enet\enet.h">
      <Filter>enet\headers</Filter>
    </ClInclude>
    <ClInclude Include="source\enet\include\enet\list.h">
      <Filter>enet\headers</Filter>
    </ClInclude>
    <ClInclude Include="source\enet\include\enet\protocol.h">
      <Filter>enet\headers</Filter>
    </ClInclude>
    <ClInclude Include="source\enet\include\enet\time.h">
      <Filter>enet\headers</Filter>
    </ClInclude>
    <ClInclude Include="source\enet\include\enet\types.h">
      <Filter>enet\headers</Filter>
    </ClInclude>
    <ClInclude Include="source\enet\include\enet\unix.h">
      <Filter>enet\headers</Filter>
    </ClInclude>
    <ClInclude Include="source\enet\include\enet\utility.h">
      <Filter>enet\headers</Filter>
    </ClInclude>
    <ClInclude Include="source\enet\include\enet\win32.h">
      <Filter>enet\headers</Filter>
    </ClInclude>
    <ClInclude Include="build\include\mutex.h">
      <Filter>build\headers</Filter>
    </ClInclude>
    <ClInclude Include="build\include\rawinput.h">
      <Filter>build\headers</Filter>
    </ClInclude>
    <ClInclude Include="build\src\engine_priv.h">
      <Filter>build\headers</Filter>
    </ClInclude>
    <ClInclude Include="build\include\prlights.h">
      <Filter>build\headers</Filter>
    </ClInclude>
    <ClInclude Include="source\sector.h">
      <Filter>eduke32\headers</Filter>
    </ClInclude>
    <ClInclude Include="source\gameexec.h">
      <Filter>eduke32\headers</Filter>
    </ClInclude>
    <ClInclude Include="source\actors.h">
      <Filter>eduke32\headers</Filter>
    </ClInclude>
    <ClInclude Include="source\player.h">
      <Filter>eduke32\headers</Filter>
    </ClInclude>
    <ClInclude Include="source\gamevars.h">
      <Filter>eduke32\headers</Filter>
    </ClInclude>
    <ClInclude Include="source\net.h">
      <Filter>eduke32\headers</Filter>
    </ClInclude>
    <ClInclude Include="source\global.h">
      <Filter>eduke32\headers</Filter>
    </ClInclude>
    <ClInclude Include="source\game.h">
      <Filter>eduke32\headers</Filter>
    </ClInclude>
    <ClInclude Include="source\premap.h">
      <Filter>eduke32\headers</Filter>
    </ClInclude>
    <ClInclude Include="source\menus.h">
      <Filter>eduke32\headers</Filter>
    </ClInclude>
    <ClInclude Include="source\savegame.h">
      <Filter>eduke32\headers</Filter>
    </ClInclude>
    <ClInclude Include="source\anim.h">
      <Filter>eduke32\headers</Filter>
    </ClInclude>
    <ClInclude Include="source\demo.h">
      <Filter>eduke32\headers</Filter>
    </ClInclude>
    <ClInclude Include="source\events_defs.h">
      <Filter>eduke32\headers</Filter>
    </ClInclude>
    <ClInclude Include="source\quotes.h">
      <Filter>eduke32\headers</Filter>
    </ClInclude>
    <ClInclude Include="source\m32def.h">
      <Filter>eduke32\headers\editor</Filter>
    </ClInclude>
    <ClInclude Include="source\mapster32.h">
      <Filter>eduke32\headers\editor</Filter>
    </ClInclude>
    <ClInclude Include="source\sounds_mapster32.h">
      <Filter>eduke32\headers\editor</Filter>
    </ClInclude>
    <ClInclude Include="source\input.h">
      <Filter>eduke32\headers</Filter>
    </ClInclude>
    <ClInclude Include="build\include\tracker_operator.hpp">
      <Filter>build\headers</Filter>
    </ClInclude>
    <ClInclude Include="build\include\tracker_operators.hpp">
      <Filter>build\headers</Filter>
    </ClInclude>
    <ClInclude Include="build\include\tracker.hpp">
      <Filter>build\headers</Filter>
    </ClInclude>
    <ClInclude Include="source\animvpx.h">
      <Filter>eduke32\headers</Filter>
    </ClInclude>
    <ClInclude Include="source\common_game.h">
      <Filter>eduke32\headers</Filter>
    </ClInclude>
    <ClInclude Include="build\include\winbits.h">
      <Filter>build\headers</Filter>
    </ClInclude>
    <ClInclude Include="build\include\common.h">
      <Filter>build\headers</Filter>
    </ClInclude>
    <ClInclude Include="build\include\texcache.h">
      <Filter>build\headers</Filter>
    </ClInclude>
    <ClInclude Include="build\include\dxtfilter.h">
      <Filter>build\headers</Filter>
    </ClInclude>
    <ClInclude Include="source\lunatic\lunatic_game.h">
      <Filter>eduke32\source\lunatic\headers</Filter>
    </ClInclude>
    <ClInclude Include="source\lunatic\lunatic_m32.h">
      <Filter>eduke32\source\lunatic\headers</Filter>
    </ClInclude>
    <ClInclude Include="source\android\in_android.h">
      <Filter>eduke32\headers\android</Filter>
    </ClInclude>
    <ClInclude Include="source\android.h">
      <Filter>eduke32\headers</Filter>
    </ClInclude>
    <ClInclude Include="build\include\xxhash.h">
      <Filter>build\headers</Filter>
    </ClInclude>
    <ClInclude Include="build\include\sdl_inc.h">
      <Filter>build\headers</Filter>
    </ClInclude>
    <ClInclude Include="build\include\hightile.h">
      <Filter>build\headers</Filter>
    </ClInclude>
    <ClInclude Include="build\include\pragmas_ppc.h">
      <Filter>build\headers</Filter>
    </ClInclude>
    <ClInclude Include="build\include\libdivide.h">
      <Filter>build\headers</Filter>
    </ClInclude>
    <ClInclude Include="build\include\pragmas_arm.h">
      <Filter>build\headers</Filter>
    </ClInclude>
    <ClInclude Include="build\include\pragmas_x86_gcc.h">
      <Filter>build\headers</Filter>
    </ClInclude>
    <ClInclude Include="build\include\pragmas_x86_msvc.h">
      <Filter>build\headers</Filter>
    </ClInclude>
    <ClInclude Include="build\include\buildtypes.h">
      <Filter>build\headers</Filter>
    </ClInclude>
    <ClInclude Include="source\animsounds.h">
      <Filter>eduke32\headers</Filter>
    </ClInclude>
    <ClInclude Include="platform\Android\Duke3d\jni\TouchControls\Button.h">
      <Filter>touchcontrols\headers</Filter>
    </ClInclude>
    <ClInclude Include="platform\Android\Duke3d\jni\TouchControls\ControlSuper.h">
      <Filter>touchcontrols\headers</Filter>
    </ClInclude>
    <ClInclude Include="platform\Android\Duke3d\jni\TouchControls\GLLines.h">
      <Filter>touchcontrols\headers</Filter>
    </ClInclude>
    <ClInclude Include="platform\Android\Duke3d\jni\TouchControls\GLRect.h">
      <Filter>touchcontrols\headers</Filter>
    </ClInclude>
    <ClInclude Include="platform\Android\Duke3d\jni\TouchControls\JNITouchControlsUtils.h">
      <Filter>touchcontrols\headers</Filter>
    </ClInclude>
    <ClInclude Include="platform\Android\Duke3d\jni\TouchControls\Mouse.h">
      <Filter>touchcontrols\headers</Filter>
    </ClInclude>
    <ClInclude Include="platform\Android\Duke3d\jni\TouchControls\MultitouchMouse.h">
      <Filter>touchcontrols\headers</Filter>
    </ClInclude>
    <ClInclude Include="platform\Android\Duke3d\jni\TouchControls\OpenGLUtils.h">
      <Filter>touchcontrols\headers</Filter>
    </ClInclude>
    <ClInclude Include="platform\Android\Duke3d\jni\TouchControls\PointF.h">
      <Filter>touchcontrols\headers</Filter>
    </ClInclude>
    <ClInclude Include="platform\Android\Duke3d\jni\TouchControls\RectF.h">
      <Filter>touchcontrols\headers</Filter>
    </ClInclude>
    <ClInclude Include="platform\Android\Duke3d\jni\TouchControls\TouchControls.h">
      <Filter>touchcontrols\headers</Filter>
    </ClInclude>
    <ClInclude Include="platform\Android\Duke3d\jni\TouchControls\TouchControlsConfig.h">
      <Filter>touchcontrols\headers</Filter>
    </ClInclude>
    <ClInclude Include="platform\Android\Duke3d\jni\TouchControls\TouchControlsContainer.h">
      <Filter>touchcontrols\headers</Filter>
    </ClInclude>
    <ClInclude Include="platform\Android\Duke3d\jni\TouchControls\TouchJoy.h">
      <Filter>touchcontrols\headers</Filter>
    </ClInclude>
    <ClInclude Include="platform\Android\Duke3d\jni\TouchControls\WheelSelect.h">
      <Filter>touchcontrols\headers</Filter>
    </ClInclude>
    <ClInclude Include="build\include\jwzgles.h">
      <Filter>build\headers</Filter>
    </ClInclude>
    <ClInclude Include="build\include\jwzglesI.h">
      <Filter>build\headers</Filter>
    </ClInclude>
    <ClInclude Include="source\jaudiolib\include\drivers.h">
      <Filter>jaudiolib\headers</Filter>
    </ClInclude>
    <ClInclude Include="build\include\md4.h">
      <Filter>build\headers</Filter>
    </ClInclude>
    <ClInclude Include="source\mpu401.h">
      <Filter>eduke32\headers</Filter>
    </ClInclude>
    <ClInclude Include="source\_midi.h">
      <Filter>eduke32\headers</Filter>
    </ClInclude>
    <ClInclude Include="source\cheats.h">
      <Filter>eduke32\headers</Filter>
    </ClInclude>
    <ClInclude Include="source\sbar.h">
      <Filter>eduke32\source\editor</Filter>
    </ClInclude>
  </ItemGroup>
  <ItemGroup>
    <ClCompile Include="build\src\a-c.c">
      <Filter>build\source</Filter>
    </ClCompile>
    <ClCompile Include="build\src\baselayer.c">
      <Filter>build\source</Filter>
    </ClCompile>
    <ClCompile Include="build\src\build.c">
      <Filter>build\source</Filter>
    </ClCompile>
    <ClCompile Include="build\src\cache1d.c">
      <Filter>build\source</Filter>
    </ClCompile>
    <ClCompile Include="build\src\compat.c">
      <Filter>build\source</Filter>
    </ClCompile>
    <ClCompile Include="build\src\config.c">
      <Filter>build\source</Filter>
    </ClCompile>
    <ClCompile Include="build\src\crc32.c">
      <Filter>build\source</Filter>
    </ClCompile>
    <ClCompile Include="build\src\defs.c">
      <Filter>build\source</Filter>
    </ClCompile>
    <ClCompile Include="build\src\dynamicgtk.c">
      <Filter>build\source</Filter>
    </ClCompile>
    <ClCompile Include="build\src\engine.c">
      <Filter>build\source</Filter>
    </ClCompile>
    <ClCompile Include="build\src\glbuild.c">
      <Filter>build\source</Filter>
    </ClCompile>
    <ClCompile Include="build\src\gtkbits.c">
      <Filter>build\source</Filter>
    </ClCompile>
    <ClCompile Include="build\src\hightile.c">
      <Filter>build\source</Filter>
    </ClCompile>
    <ClCompile Include="build\src\kplib.c">
      <Filter>build\source</Filter>
    </ClCompile>
    <ClCompile Include="build\src\lzwnew.c">
      <Filter>build\source</Filter>
    </ClCompile>
    <ClCompile Include="build\src\mdsprite.c">
      <Filter>build\source</Filter>
    </ClCompile>
    <ClCompile Include="build\src\osd.c">
      <Filter>build\source</Filter>
    </ClCompile>
    <ClCompile Include="build\src\polymer.c">
      <Filter>build\source</Filter>
    </ClCompile>
    <ClCompile Include="build\src\polymost.c">
      <Filter>build\source</Filter>
    </ClCompile>
    <ClCompile Include="build\src\pragmas.c">
      <Filter>build\source</Filter>
    </ClCompile>
    <ClCompile Include="build\src\lz4.c">
      <Filter>build\source</Filter>
    </ClCompile>
    <ClCompile Include="build\src\scriptfile.c">
      <Filter>build\source</Filter>
    </ClCompile>
    <ClCompile Include="build\src\sdlayer.c">
      <Filter>build\source</Filter>
    </ClCompile>
    <ClCompile Include="build\src\smalltextfont.c">
      <Filter>build\source</Filter>
    </ClCompile>
    <ClCompile Include="build\src\startgtk.editor.c">
      <Filter>build\source</Filter>
    </ClCompile>
    <ClCompile Include="build\src\startwin.editor.c">
      <Filter>build\source</Filter>
    </ClCompile>
    <ClCompile Include="build\src\textfont.c">
      <Filter>build\source</Filter>
    </ClCompile>
    <ClCompile Include="build\src\winlayer.c">
      <Filter>build\source</Filter>
    </ClCompile>
    <ClCompile Include="source\actors.c">
      <Filter>eduke32\source</Filter>
    </ClCompile>
    <ClCompile Include="source\anim.c">
      <Filter>eduke32\source</Filter>
    </ClCompile>
    <ClCompile Include="source\config.c">
      <Filter>eduke32\source</Filter>
    </ClCompile>
    <ClCompile Include="source\game.c">
      <Filter>eduke32\source</Filter>
    </ClCompile>
    <ClCompile Include="source\gamedef.c">
      <Filter>eduke32\source</Filter>
    </ClCompile>
    <ClCompile Include="source\gameexec.c">
      <Filter>eduke32\source</Filter>
    </ClCompile>
    <ClCompile Include="source\gamestructures.c">
      <Filter>eduke32\source</Filter>
    </ClCompile>
    <ClCompile Include="source\gamevars.c">
      <Filter>eduke32\source</Filter>
    </ClCompile>
    <ClCompile Include="source\global.c">
      <Filter>eduke32\source</Filter>
    </ClCompile>
    <ClCompile Include="source\grpscan.c">
      <Filter>eduke32\source</Filter>
    </ClCompile>
    <ClCompile Include="source\mdump.cpp">
      <Filter>eduke32\source</Filter>
    </ClCompile>
    <ClCompile Include="source\menus.c">
      <Filter>eduke32\source</Filter>
    </ClCompile>
    <ClCompile Include="source\midi.c">
      <Filter>eduke32\source</Filter>
    </ClCompile>
    <ClCompile Include="source\mpu401.c">
      <Filter>eduke32\source</Filter>
    </ClCompile>
    <ClCompile Include="source\music.c">
      <Filter>eduke32\source</Filter>
    </ClCompile>
    <ClCompile Include="source\namesdyn.c">
      <Filter>eduke32\source</Filter>
    </ClCompile>
    <ClCompile Include="source\osdcmds.c">
      <Filter>eduke32\source</Filter>
    </ClCompile>
    <ClCompile Include="source\osdfuncs.c">
      <Filter>eduke32\source</Filter>
    </ClCompile>
    <ClCompile Include="source\player.c">
      <Filter>eduke32\source</Filter>
    </ClCompile>
    <ClCompile Include="source\premap.c">
      <Filter>eduke32\source</Filter>
    </ClCompile>
    <ClCompile Include="source\rts.c">
      <Filter>eduke32\source</Filter>
    </ClCompile>
    <ClCompile Include="source\savegame.c">
      <Filter>eduke32\source</Filter>
    </ClCompile>
    <ClCompile Include="source\sdlmusic.c">
      <Filter>eduke32\source</Filter>
    </ClCompile>
    <ClCompile Include="source\sector.c">
      <Filter>eduke32\source</Filter>
    </ClCompile>
    <ClCompile Include="source\sounds.c">
      <Filter>eduke32\source</Filter>
    </ClCompile>
    <ClCompile Include="source\soundsdyn.c">
      <Filter>eduke32\source</Filter>
    </ClCompile>
    <ClCompile Include="source\startgtk.game.c">
      <Filter>eduke32\source</Filter>
    </ClCompile>
    <ClCompile Include="source\startwin.game.c">
      <Filter>eduke32\source</Filter>
    </ClCompile>
    <ClCompile Include="source\winbits.c">
      <Filter>eduke32\source</Filter>
    </ClCompile>
    <ClCompile Include="source\jaudiolib\src\driver_directsound.c">
      <Filter>jaudiolib\source</Filter>
    </ClCompile>
    <ClCompile Include="source\jaudiolib\src\driver_nosound.c">
      <Filter>jaudiolib\source</Filter>
    </ClCompile>
    <ClCompile Include="source\jaudiolib\src\driver_sdl.c">
      <Filter>jaudiolib\source</Filter>
    </ClCompile>
    <ClCompile Include="source\jaudiolib\src\drivers.c">
      <Filter>jaudiolib\source</Filter>
    </ClCompile>
    <ClCompile Include="source\jaudiolib\src\fx_man.c">
      <Filter>jaudiolib\source</Filter>
    </ClCompile>
    <ClCompile Include="source\jaudiolib\src\mix.c">
      <Filter>jaudiolib\source</Filter>
    </ClCompile>
    <ClCompile Include="source\jaudiolib\src\mixst.c">
      <Filter>jaudiolib\source</Filter>
    </ClCompile>
    <ClCompile Include="source\jaudiolib\src\multivoc.c">
      <Filter>jaudiolib\source</Filter>
    </ClCompile>
    <ClCompile Include="source\jaudiolib\src\pitch.c">
      <Filter>jaudiolib\source</Filter>
    </ClCompile>
    <ClCompile Include="source\jaudiolib\src\vorbis.c">
      <Filter>jaudiolib\source</Filter>
    </ClCompile>
    <ClCompile Include="source\jmact\animlib.c">
      <Filter>jmact\source</Filter>
    </ClCompile>
    <ClCompile Include="source\jmact\control.c">
      <Filter>jmact\source</Filter>
    </ClCompile>
    <ClCompile Include="source\jmact\file_lib.c">
      <Filter>jmact\source</Filter>
    </ClCompile>
    <ClCompile Include="source\jmact\keyboard.c">
      <Filter>jmact\source</Filter>
    </ClCompile>
    <ClCompile Include="source\jmact\mouse.c">
      <Filter>jmact\source</Filter>
    </ClCompile>
    <ClCompile Include="source\jmact\scriplib.c">
      <Filter>jmact\source</Filter>
    </ClCompile>
    <ClCompile Include="source\enet\src\callbacks.c">
      <Filter>enet\source</Filter>
    </ClCompile>
    <ClCompile Include="source\enet\src\host.c">
      <Filter>enet\source</Filter>
    </ClCompile>
    <ClCompile Include="source\enet\src\list.c">
      <Filter>enet\source</Filter>
    </ClCompile>
    <ClCompile Include="source\enet\src\packet.c">
      <Filter>enet\source</Filter>
    </ClCompile>
    <ClCompile Include="source\enet\src\peer.c">
      <Filter>enet\source</Filter>
    </ClCompile>
    <ClCompile Include="source\enet\src\protocol.c">
      <Filter>enet\source</Filter>
    </ClCompile>
    <ClCompile Include="source\enet\src\unix.c">
      <Filter>enet\source</Filter>
    </ClCompile>
    <ClCompile Include="source\enet\src\win32.c">
      <Filter>enet\source</Filter>
    </ClCompile>
    <ClCompile Include="build\src\mutex.c">
      <Filter>build\source</Filter>
    </ClCompile>
    <ClCompile Include="build\src\rawinput.c">
      <Filter>build\source</Filter>
    </ClCompile>
    <ClCompile Include="source\net.c">
      <Filter>eduke32\source</Filter>
    </ClCompile>
    <ClCompile Include="source\demo.c">
      <Filter>eduke32\source</Filter>
    </ClCompile>
    <ClCompile Include="source\astub.c">
      <Filter>eduke32\source\editor</Filter>
    </ClCompile>
    <ClCompile Include="source\m32def.c">
      <Filter>eduke32\source\editor</Filter>
    </ClCompile>
    <ClCompile Include="source\m32exec.c">
      <Filter>eduke32\source\editor</Filter>
    </ClCompile>
    <ClCompile Include="source\m32structures.c">
      <Filter>eduke32\source\editor</Filter>
    </ClCompile>
    <ClCompile Include="source\m32vars.c">
      <Filter>eduke32\source\editor</Filter>
    </ClCompile>
    <ClCompile Include="source\sounds_mapster32.c">
      <Filter>eduke32\source\editor</Filter>
    </ClCompile>
    <ClCompile Include="source\input.c">
      <Filter>eduke32\source</Filter>
    </ClCompile>
    <ClCompile Include="source\animvpx.c">
      <Filter>eduke32\source</Filter>
    </ClCompile>
    <ClCompile Include="source\enet\src\compress.c">
      <Filter>enet\source</Filter>
    </ClCompile>
    <ClCompile Include="source\common.c">
      <Filter>eduke32\source</Filter>
    </ClCompile>
    <ClCompile Include="build\src\winbits.c">
      <Filter>build\source</Filter>
    </ClCompile>
    <ClCompile Include="build\src\texcache.c">
      <Filter>build\source</Filter>
    </ClCompile>
    <ClCompile Include="build\src\dxtfilter.c">
      <Filter>build\source</Filter>
    </ClCompile>
    <ClCompile Include="source\lunatic\lunatic_game.c">
      <Filter>eduke32\source\lunatic\source</Filter>
    </ClCompile>
    <ClCompile Include="source\lunatic\lunatic_m32.c">
      <Filter>eduke32\source\lunatic\source</Filter>
    </ClCompile>
    <ClCompile Include="source\android\android-jni.cpp">
      <Filter>eduke32\source\android</Filter>
    </ClCompile>
    <ClCompile Include="source\android\in_android.c">
      <Filter>eduke32\source\android</Filter>
    </ClCompile>
    <ClCompile Include="build\src\xxhash.c">
      <Filter>build\source</Filter>
    </ClCompile>
    <ClCompile Include="source\m32common.c">
      <Filter>eduke32\source\editor</Filter>
    </ClCompile>
    <ClCompile Include="build\src\sdlayer12.c">
      <Filter>build\source</Filter>
    </ClCompile>
    <ClCompile Include="source\animsounds.c">
      <Filter>eduke32\source</Filter>
    </ClCompile>
    <ClCompile Include="platform\Android\Duke3d\jni\TouchControls\Button.cpp">
      <Filter>touchcontrols\source</Filter>
    </ClCompile>
    <ClCompile Include="platform\Android\Duke3d\jni\TouchControls\ControlSuper.cpp">
      <Filter>touchcontrols\source</Filter>
    </ClCompile>
    <ClCompile Include="platform\Android\Duke3d\jni\TouchControls\GLLines.cpp">
      <Filter>touchcontrols\source</Filter>
    </ClCompile>
    <ClCompile Include="platform\Android\Duke3d\jni\TouchControls\GLRect.cpp">
      <Filter>touchcontrols\source</Filter>
    </ClCompile>
    <ClCompile Include="platform\Android\Duke3d\jni\TouchControls\JNITouchControlsUtils.cpp">
      <Filter>touchcontrols\source</Filter>
    </ClCompile>
    <ClCompile Include="platform\Android\Duke3d\jni\TouchControls\Mouse.cpp">
      <Filter>touchcontrols\source</Filter>
    </ClCompile>
    <ClCompile Include="platform\Android\Duke3d\jni\TouchControls\MultitouchMouse.cpp">
      <Filter>touchcontrols\source</Filter>
    </ClCompile>
    <ClCompile Include="platform\Android\Duke3d\jni\TouchControls\OpenGLUtils.cpp">
      <Filter>touchcontrols\source</Filter>
    </ClCompile>
    <ClCompile Include="platform\Android\Duke3d\jni\TouchControls\RectF.cpp">
      <Filter>touchcontrols\source</Filter>
    </ClCompile>
    <ClCompile Include="platform\Android\Duke3d\jni\TouchControls\TouchControls.cpp">
      <Filter>touchcontrols\source</Filter>
    </ClCompile>
    <ClCompile Include="platform\Android\Duke3d\jni\TouchControls\TouchControlsContainer.cpp">
      <Filter>touchcontrols\source</Filter>
    </ClCompile>
    <ClCompile Include="platform\Android\Duke3d\jni\TouchControls\TouchJoy.cpp">
      <Filter>touchcontrols\source</Filter>
    </ClCompile>
    <ClCompile Include="platform\Android\Duke3d\jni\TouchControls\WheelSelect.cpp">
      <Filter>touchcontrols\source</Filter>
    </ClCompile>
    <ClCompile Include="build\src\voxmodel.c">
      <Filter>build\source</Filter>
    </ClCompile>
    <ClCompile Include="build\src\jwzgles.c">
      <Filter>build\source</Filter>
    </ClCompile>
    <ClCompile Include="source\jaudiolib\src\flac.c">
      <Filter>jaudiolib\source</Filter>
    </ClCompile>
    <ClCompile Include="source\jaudiolib\src\formats.c">
      <Filter>jaudiolib\source</Filter>
    </ClCompile>
    <ClCompile Include="source\jaudiolib\src\xa.c">
      <Filter>jaudiolib\source</Filter>
    </ClCompile>
    <ClCompile Include="build\src\colmatch.c">
      <Filter>build\source</Filter>
    </ClCompile>
    <ClCompile Include="build\src\common.c">
      <Filter>build\source</Filter>
    </ClCompile>
    <ClCompile Include="build\src\md4.c">
      <Filter>build\source</Filter>
    </ClCompile>
    <ClCompile Include="source\cheats.c">
      <Filter>eduke32\source</Filter>
    </ClCompile>
    <ClCompile Include="source\sbar.c">
      <Filter>eduke32\source</Filter>
    </ClCompile>
  </ItemGroup>
  <ItemGroup>
    <None Include="Makefile.msvc">
      <Filter>eduke32</Filter>
    </None>
    <None Include="build\Makefile.msvc">
      <Filter>build</Filter>
    </None>
    <None Include="source\lunatic\dynsymlist">
      <Filter>eduke32\source\lunatic</Filter>
    </None>
    <None Include="source\lunatic\dynsymlist_m32">
      <Filter>eduke32\source\lunatic</Filter>
    </None>
    <None Include="source\lunatic\listglobals.sh">
      <Filter>eduke32\source\lunatic</Filter>
    </None>
    <None Include="source\lunatic\bcarray.lua">
      <Filter>eduke32\source\lunatic\lua</Filter>
    </None>
    <None Include="source\lunatic\bcheck.lua">
      <Filter>eduke32\source\lunatic\lua</Filter>
    </None>
    <None Include="source\lunatic\bitar.lua">
      <Filter>eduke32\source\lunatic\lua</Filter>
    </None>
    <None Include="source\lunatic\con_lang.lua">
      <Filter>eduke32\source\lunatic\lua</Filter>
    </None>
    <None Include="source\lunatic\control.lua">
      <Filter>eduke32\source\lunatic\lua</Filter>
    </None>
    <None Include="source\lunatic\defs.ilua">
      <Filter>eduke32\source\lunatic\lua</Filter>
    </None>
    <None Include="source\lunatic\defs_common.lua">
      <Filter>eduke32\source\lunatic\lua</Filter>
    </None>
    <None Include="source\lunatic\defs_m32.ilua">
      <Filter>eduke32\source\lunatic\lua</Filter>
    </None>
    <None Include="source\lunatic\dis_x64.lua">
      <Filter>eduke32\source\lunatic\lua</Filter>
    </None>
    <None Include="source\lunatic\dis_x86.lua">
      <Filter>eduke32\source\lunatic\lua</Filter>
    </None>
    <None Include="source\lunatic\dump.lua">
      <Filter>eduke32\source\lunatic\lua</Filter>
    </None>
    <None Include="source\lunatic\engine_maptext.lua">
      <Filter>eduke32\source\lunatic\lua</Filter>
    </None>
    <None Include="source\lunatic\lunacon.lua">
      <Filter>eduke32\source\lunatic\lua</Filter>
    </None>
    <None Include="source\lunatic\profdemo.lua">
      <Filter>eduke32\source\lunatic\lua</Filter>
    </None>
    <None Include="source\lunatic\randgen.lua">
      <Filter>eduke32\source\lunatic\lua</Filter>
    </None>
    <None Include="source\lunatic\savegame.lua">
      <Filter>eduke32\source\lunatic\lua</Filter>
    </None>
    <None Include="source\lunatic\strict.lua">
      <Filter>eduke32\source\lunatic\lua</Filter>
    </None>
    <None Include="source\lunatic\stat.lua">
      <Filter>eduke32\source\lunatic\lua</Filter>
    </None>
    <None Include="source\lunatic\test.lua">
      <Filter>eduke32\source\lunatic\lua</Filter>
    </None>
    <None Include="source\lunatic\v.lua">
      <Filter>eduke32\source\lunatic\lua</Filter>
    </None>
    <None Include="source\lunatic\xmath.lua">
      <Filter>eduke32\source\lunatic\lua</Filter>
    </None>
  </ItemGroup>
</Project>