<?xml version="1.0" encoding="utf-8"?>
<Project ToolsVersion="4.0" xmlns="http://schemas.microsoft.com/developer/msbuild/2003">
  <ItemGroup>
    <Filter Include="Source Files">
      <UniqueIdentifier>{4FC737F1-C7A5-4376-A066-2A32D752A2FF}</UniqueIdentifier>
      <Extensions>cpp;c;cc;cxx;def;odl;idl;hpj;bat;asm;asmx</Extensions>
    </Filter>
    <Filter Include="Header Files">
      <UniqueIdentifier>{93995380-89BD-4b04-88EB-625FBE52EBFB}</UniqueIdentifier>
      <Extensions>h;hh;hpp;hxx;hm;inl;inc;ipp;xsd</Extensions>
    </Filter>
  </ItemGroup>
  <ItemGroup>
    <ClCompile Include="..\..\source\audiolib\src\driver_directsound.cpp">
      <Filter>Source Files</Filter>
    </ClCompile>
    <ClCompile Include="..\..\source\audiolib\src\driver_nosound.cpp">
      <Filter>Source Files</Filter>
    </ClCompile>
    <ClCompile Include="..\..\source\audiolib\src\driver_sdl.cpp">
      <Filter>Source Files</Filter>
    </ClCompile>
    <ClCompile Include="..\..\source\audiolib\src\drivers.cpp">
      <Filter>Source Files</Filter>
    </ClCompile>
    <ClCompile Include="..\..\source\audiolib\src\flac.cpp">
      <Filter>Source Files</Filter>
    </ClCompile>
    <ClCompile Include="..\..\source\audiolib\src\formats.cpp">
      <Filter>Source Files</Filter>
    </ClCompile>
    <ClCompile Include="..\..\source\audiolib\src\fx_man.cpp">
      <Filter>Source Files</Filter>
    </ClCompile>
    <ClCompile Include="..\..\source\audiolib\src\mix.cpp">
      <Filter>Source Files</Filter>
    </ClCompile>
    <ClCompile Include="..\..\source\audiolib\src\mixst.cpp">
      <Filter>Source Files</Filter>
    </ClCompile>
    <ClCompile Include="..\..\source\audiolib\src\multivoc.cpp">
      <Filter>Source Files</Filter>
    </ClCompile>
    <ClCompile Include="..\..\source\audiolib\src\pitch.cpp">
      <Filter>Source Files</Filter>
    </ClCompile>
    <ClCompile Include="..\..\source\audiolib\src\vorbis.cpp">
      <Filter>Source Files</Filter>
    </ClCompile>
    <ClCompile Include="..\..\source\audiolib\src\xa.cpp">
      <Filter>Source Files</Filter>
    </ClCompile>
    <ClCompile Include="..\..\source\audiolib\src\xmp.cpp">
      <Filter>Source Files</Filter>
    </ClCompile>
  </ItemGroup>
  <ItemGroup>
    <ClInclude Include="..\..\source\audiolib\src\pitch.h">
      <Filter>Header Files</Filter>
    </ClInclude>
    <ClInclude Include="..\..\source\audiolib\src\_multivc.h">
      <Filter>Header Files</Filter>
    </ClInclude>
    <ClInclude Include="..\..\source\audiolib\src\driver_directsound.h">
      <Filter>Header Files</Filter>
    </ClInclude>
    <ClInclude Include="..\..\source\audiolib\src\driver_nosound.h">
      <Filter>Header Files</Filter>
    </ClInclude>
    <ClInclude Include="..\..\source\audiolib\src\driver_sdl.h">
      <Filter>Header Files</Filter>
    </ClInclude>
    <ClInclude Include="..\..\source\audiolib\include\drivers.h">
      <Filter>Header Files</Filter>
    </ClInclude>
    <ClInclude Include="..\..\source\audiolib\include\fx_man.h">
      <Filter>Header Files</Filter>
    </ClInclude>
    <ClInclude Include="..\..\source\audiolib\src\linklist.h">
      <Filter>Header Files</Filter>
    </ClInclude>
    <ClInclude Include="..\..\source\audiolib\include\multivoc.h">
      <Filter>Header Files</Filter>
    </ClInclude>
    <ClInclude Include="..\..\source\audiolib\include\music.h">
      <Filter>Header Files</Filter>
    </ClInclude>
  </ItemGroup>
</Project>