<?xml version="1.0" encoding="utf-8"?>
<Project ToolsVersion="4.0" xmlns="http://schemas.microsoft.com/developer/msbuild/2003">
  <ItemGroup>
    <ClCompile Include="..\..\source\build\src\2d.cpp" />
    <ClCompile Include="..\..\source\build\src\a-c.cpp" />
    <ClCompile Include="..\..\source\build\src\animvpx.cpp" />
    <ClCompile Include="..\..\source\build\src\baselayer.cpp" />
    <ClCompile Include="..\..\source\build\src\cache1d.cpp" />
    <ClCompile Include="..\..\source\build\src\clip.cpp" />
    <ClCompile Include="..\..\source\build\src\colmatch.cpp" />
    <ClCompile Include="..\..\source\build\src\common.cpp" />
    <ClCompile Include="..\..\source\build\src\compat.cpp" />
    <ClCompile Include="..\..\source\build\src\crc32.cpp" />
    <ClCompile Include="..\..\source\build\src\defs.cpp" />
    <ClCompile Include="..\..\source\build\src\dynamicgtk.cpp" />
    <ClCompile Include="..\..\source\build\src\engine.cpp" />
    <ClCompile Include="..\..\source\build\src\fix16.cpp" />
    <ClCompile Include="..\..\source\build\src\fix16_str.cpp" />
    <ClCompile Include="..\..\source\build\src\glbuild.cpp" />
    <ClCompile Include="..\..\source\build\src\glsurface.cpp" />
    <ClCompile Include="..\..\source\build\src\gtkbits.cpp" />
    <ClCompile Include="..\..\source\build\src\hash.cpp" />
    <ClCompile Include="..\..\source\build\src\hightile.cpp" />
    <ClCompile Include="..\..\source\build\src\klzw.cpp" />
    <ClCompile Include="..\..\source\build\src\kplib.cpp" />
    <ClCompile Include="..\..\source\thirdparty\src\lz4.c" />
    <ClCompile Include="..\..\source\build\src\md4.cpp" />
    <ClCompile Include="..\..\source\build\src\mdsprite.cpp" />
    <ClCompile Include="..\..\source\build\src\mhk.cpp" />
    <ClCompile Include="..\..\source\build\src\mingw_main.cpp" />
    <ClCompile Include="..\..\source\thirdparty\src\miniz.c" />
    <ClCompile Include="..\..\source\thirdparty\src\miniz_tdef.c" />
    <ClCompile Include="..\..\source\thirdparty\src\miniz_tinfl.c" />
    <ClCompile Include="..\..\source\build\src\mmulti_null.cpp" />
    <ClCompile Include="..\..\source\build\src\mutex.cpp" />
    <ClCompile Include="..\..\source\build\src\osd.cpp" />
    <ClCompile Include="..\..\source\build\src\palette.cpp" />
    <ClCompile Include="..\..\source\build\src\pngwrite.cpp" />
    <ClCompile Include="..\..\source\build\src\polymost.cpp" />
    <ClCompile Include="..\..\source\build\src\pragmas.cpp" />
    <ClCompile Include="..\..\source\build\src\rawinput.cpp" />
    <ClCompile Include="..\..\source\build\src\rev.cpp" />
    <ClCompile Include="..\..\source\build\src\screenshot.cpp" />
    <ClCompile Include="..\..\source\build\src\scriptfile.cpp" />
    <ClCompile Include="..\..\source\build\src\sdlayer.cpp" />
    <ClCompile Include="..\..\source\build\src\sdlayer12.cpp" />
    <ClCompile Include="..\..\source\build\src\sdlkeytrans.cpp" />
    <ClCompile Include="..\..\source\build\src\smalltextfont.cpp" />
    <ClCompile Include="..\..\source\build\src\softsurface.cpp" />
    <ClCompile Include="..\..\source\build\src\texcache.cpp" />
    <ClCompile Include="..\..\source\build\src\textfont.cpp" />
    <ClCompile Include="..\..\source\build\src\tiles.cpp" />
    <ClCompile Include="..\..\source\build\src\timer.cpp" />
    <ClCompile Include="..\..\source\build\src\voxmodel.cpp" />
    <ClCompile Include="..\..\source\build\src\wiibits.cpp" />
    <ClCompile Include="..\..\source\build\src\winbits.cpp" />
    <ClCompile Include="..\..\source\thirdparty\src\xxhash.c" />
    <ClCompile Include="..\..\source\glbackend\glbackend.cpp" />
    <ClCompile Include="..\..\source\glbackend\gl_hwtexture.cpp" />
    <ClCompile Include="..\..\source\glbackend\gl_samplers.cpp" />
  </ItemGroup>
  <ItemGroup>
    <ClInclude Include="..\..\source\build\include\a.h" />
    <ClInclude Include="..\..\source\build\include\animvpx.h" />
    <ClInclude Include="..\..\source\build\include\baselayer.h" />
    <ClInclude Include="..\..\source\build\include\build.h" />
    <ClInclude Include="..\..\source\build\include\buildtypes.h" />
    <ClInclude Include="..\..\source\build\include\cache1d.h" />
    <ClInclude Include="..\..\source\build\include\clip.h" />
    <ClInclude Include="..\..\source\build\include\collections.h" />
    <ClInclude Include="..\..\source\build\include\colmatch.h" />
    <ClInclude Include="..\..\source\build\include\common.h" />
    <ClInclude Include="..\..\source\build\include\compat.h" />
    <ClInclude Include="..\..\source\thirdparty\include\crc32.h" />
    <ClInclude Include="..\..\source\build\include\debugbreak.h" />
    <ClInclude Include="..\..\source\build\include\dxdidf.h" />
    <ClInclude Include="..\..\source\build\include\dynamicgtk.h" />
    <ClInclude Include="..\..\source\thirdparty\include\fix16.h" />
    <ClInclude Include="..\..\source\thirdparty\include\fix16.hpp" />
    <ClInclude Include="..\..\source\thirdparty\include\fix16_int64.h" />
    <ClInclude Include="..\..\source\build\include\glbuild.h" />
    <ClInclude Include="..\..\source\build\include\glsurface.h" />
    <ClInclude Include="..\..\source\build\include\gtkbits.h" />
    <ClInclude Include="..\..\source\build\include\hash.h" />
    <ClInclude Include="..\..\source\build\include\hightile.h" />
    <ClInclude Include="..\..\source\build\include\klzw.h" />
    <ClInclude Include="..\..\source\build\include\kplib.h" />
    <ClInclude Include="..\..\source\thirdparty\include\libdivide.h" />
    <ClInclude Include="..\..\source\thirdparty\include\lz4.h" />
    <ClInclude Include="..\..\source\thirdparty\include\md4.h" />
    <ClInclude Include="..\..\source\build\include\mdsprite.h" />
    <ClInclude Include="..\..\source\thirdparty\include\miniz.h" />
    <ClInclude Include="..\..\source\build\include\mmulti.h" />
    <ClInclude Include="..\..\source\build\include\osd.h" />
    <ClInclude Include="..\..\source\build\include\osxbits.h" />
    <ClInclude Include="..\..\source\build\include\palette.h" />
    <ClInclude Include="..\..\source\build\include\pngwrite.h" />
    <ClInclude Include="..\..\source\build\include\polymer.h" />
    <ClInclude Include="..\..\source\build\include\polymost.h" />
    <ClInclude Include="..\..\source\build\include\pragmas.h" />
    <ClInclude Include="..\..\source\build\include\print.h" />
    <ClInclude Include="..\..\source\build\include\prlights.h" />
    <ClInclude Include="..\..\source\build\include\rawinput.h" />
    <ClInclude Include="..\..\source\build\include\renderlayer.h" />
    <ClInclude Include="..\..\source\build\include\scancodes.h" />
    <ClInclude Include="..\..\source\build\include\scriptfile.h" />
    <ClInclude Include="..\..\source\build\include\sdlayer.h" />
    <ClInclude Include="..\..\source\build\include\sdl_inc.h" />
    <ClInclude Include="..\..\source\thirdparty\include\sjson.h" />
    <ClInclude Include="..\..\source\build\include\softsurface.h" />
    <ClInclude Include="..\..\source\build\include\texcache.h" />
    <ClInclude Include="..\..\source\build\include\timer.h" />
    <ClInclude Include="..\..\source\build\include\tracker.hpp" />
    <ClInclude Include="..\..\source\build\include\vfs.h" />
    <ClInclude Include="..\..\source\build\include\winbits.h" />
    <ClInclude Include="..\..\source\build\include\winlayer.h" />
    <ClInclude Include="..\..\source\thirdparty\include\xxhash.h" />
    <ClInclude Include="..\..\source\build\src\engine_priv.h" />
    <ClInclude Include="..\..\source\glbackend\glbackend.h" />
    <ClInclude Include="..\..\source\glbackend\gl_hwtexture.h" />
    <ClInclude Include="..\..\source\glbackend\gl_samplers.h" />
  </ItemGroup>
  <ItemGroup>
    <CustomBuild Include="..\..\source\build\src\polymost1Frag.glsl" />
    <CustomBuild Include="..\..\source\build\src\polymost1Vert.glsl" />
  </ItemGroup>
</Project>