
Microsoft Visual Studio Solution File, Format Version 12.00
# Visual Studio 14
VisualStudioVersion = 14.0.25420.1
MinimumVisualStudioVersion = 10.0.40219.1
Project("{8BC9CEB8-8B4A-11D0-8D11-00A0C91BC942}") = "eduke32", "eduke32.vcxproj", "{8E7A6179-0B72-4073-8A4C-E8682D481DAE}"
EndProject
Project("{2150E333-8FDC-42A3-9474-1A3956D46DE8}") = "Solution Items", "Solution Items", "{F66672CB-5FCB-4096-AD70-1082BA246525}"
	ProjectSection(SolutionItems) = preProject
		Performance1.psess = Performance1.psess
	EndProjectSection
EndProject
Global
	GlobalSection(SolutionConfigurationPlatforms) = preSolution
		SDL Debug|32-bit = SDL Debug|32-bit
		SDL Debug|64-bit = SDL Debug|64-bit
		SDL|32-bit = SDL|32-bit
		SDL|64-bit = SDL|64-bit
		Win32 (deprecated)|32-bit = Win32 (deprecated)|32-bit
		Win32 (deprecated)|64-bit = Win32 (deprecated)|64-bit
		Win32 Debug (deprecated)|32-bit = Win32 Debug (deprecated)|32-bit
		Win32 Debug (deprecated)|64-bit = Win32 Debug (deprecated)|64-bit
	EndGlobalSection
	GlobalSection(ProjectConfigurationPlatforms) = postSolution
		{8E7A6179-0B72-4073-8A4C-E8682D481DAE}.SDL Debug|32-bit.ActiveCfg = Debug-SDL|Win32
		{8E7A6179-0B72-4073-8A4C-E8682D481DAE}.SDL Debug|32-bit.Build.0 = Debug-SDL|Win32
		{8E7A6179-0B72-4073-8A4C-E8682D481DAE}.SDL Debug|64-bit.ActiveCfg = Debug-SDL|x64
		{8E7A6179-0B72-4073-8A4C-E8682D481DAE}.SDL Debug|64-bit.Build.0 = Debug-SDL|x64
		{8E7A6179-0B72-4073-8A4C-E8682D481DAE}.SDL|32-bit.ActiveCfg = Release-SDL|Win32
		{8E7A6179-0B72-4073-8A4C-E8682D481DAE}.SDL|32-bit.Build.0 = Release-SDL|Win32
		{8E7A6179-0B72-4073-8A4C-E8682D481DAE}.SDL|64-bit.ActiveCfg = Release-SDL|x64
		{8E7A6179-0B72-4073-8A4C-E8682D481DAE}.SDL|64-bit.Build.0 = Release-SDL|x64
		{8E7A6179-0B72-4073-8A4C-E8682D481DAE}.Win32 (deprecated)|32-bit.ActiveCfg = Release|Win32
		{8E7A6179-0B72-4073-8A4C-E8682D481DAE}.Win32 (deprecated)|32-bit.Build.0 = Release|Win32
		{8E7A6179-0B72-4073-8A4C-E8682D481DAE}.Win32 (deprecated)|64-bit.ActiveCfg = Release|x64
		{8E7A6179-0B72-4073-8A4C-E8682D481DAE}.Win32 (deprecated)|64-bit.Build.0 = Release|x64
		{8E7A6179-0B72-4073-8A4C-E8682D481DAE}.Win32 Debug (deprecated)|32-bit.ActiveCfg = Debug|Win32
		{8E7A6179-0B72-4073-8A4C-E8682D481DAE}.Win32 Debug (deprecated)|32-bit.Build.0 = Debug|Win32
		{8E7A6179-0B72-4073-8A4C-E8682D481DAE}.Win32 Debug (deprecated)|64-bit.ActiveCfg = Debug|x64
		{8E7A6179-0B72-4073-8A4C-E8682D481DAE}.Win32 Debug (deprecated)|64-bit.Build.0 = Debug|x64
	EndGlobalSection
	GlobalSection(SolutionProperties) = preSolution
		HideSolutionNode = FALSE
	EndGlobalSection
EndGlobal
