<?xml version="1.0" encoding="utf-8"?>
<Project ToolsVersion="4.0" xmlns="http://schemas.microsoft.com/developer/msbuild/2003">
  <ItemGroup>
    <Filter Include="Header Files">
      <UniqueIdentifier>{6a96e189-44d8-467a-b0f0-70b764c38007}</UniqueIdentifier>
    </Filter>
    <Filter Include="Source Files">
      <UniqueIdentifier>{43db2cb8-444f-415a-ba2d-f82cb5b34919}</UniqueIdentifier>
    </Filter>
  </ItemGroup>
  <ItemGroup>
    <ClInclude Include="..\..\source\enet\include\enet\callbacks.h">
      <Filter>Header Files</Filter>
    </ClInclude>
    <ClInclude Include="..\..\source\enet\include\enet\enet.h">
      <Filter>Header Files</Filter>
    </ClInclude>
    <ClInclude Include="..\..\source\enet\include\enet\list.h">
      <Filter>Header Files</Filter>
    </ClInclude>
    <ClInclude Include="..\..\source\enet\include\enet\protocol.h">
      <Filter>Header Files</Filter>
    </ClInclude>
    <ClInclude Include="..\..\source\enet\include\enet\time.h">
      <Filter>Header Files</Filter>
    </ClInclude>
    <ClInclude Include="..\..\source\enet\include\enet\types.h">
      <Filter>Header Files</Filter>
    </ClInclude>
    <ClInclude Include="..\..\source\enet\include\enet\unix.h">
      <Filter>Header Files</Filter>
    </ClInclude>
    <ClInclude Include="..\..\source\enet\include\enet\utility.h">
      <Filter>Header Files</Filter>
    </ClInclude>
    <ClInclude Include="..\..\source\enet\include\enet\win32.h">
      <Filter>Header Files</Filter>
    </ClInclude>
  </ItemGroup>
  <ItemGroup>
    <ClCompile Include="..\..\source\enet\src\callbacks.c">
      <Filter>Source Files</Filter>
    </ClCompile>
    <ClCompile Include="..\..\source\enet\src\host.c">
      <Filter>Source Files</Filter>
    </ClCompile>
    <ClCompile Include="..\..\source\enet\src\list.c">
      <Filter>Source Files</Filter>
    </ClCompile>
    <ClCompile Include="..\..\source\enet\src\packet.c">
      <Filter>Source Files</Filter>
    </ClCompile>
    <ClCompile Include="..\..\source\enet\src\peer.c">
      <Filter>Source Files</Filter>
    </ClCompile>
    <ClCompile Include="..\..\source\enet\src\protocol.c">
      <Filter>Source Files</Filter>
    </ClCompile>
    <ClCompile Include="..\..\source\enet\src\unix.c">
      <Filter>Source Files</Filter>
    </ClCompile>
    <ClCompile Include="..\..\source\enet\src\win32.c">
      <Filter>Source Files</Filter>
    </ClCompile>
  </ItemGroup>
</Project>